// !$*UTF8*$!
{
	archiveVersion = 1;
	classes = {
	};
	objectVersion = 56;
	objects = {

/* Begin PBXBuildFile section */
		119C83B32C9FEE6600B0E922 /* otusoneApp.swift in Sources */ = {isa = PBXBuildFile; fileRef = 119C83B22C9FEE6600B0E922 /* otusoneApp.swift */; };
		119C83B52C9FEE6600B0E922 /* ContentView.swift in Sources */ = {isa = PBXBuildFile; fileRef = 119C83B42C9FEE6600B0E922 /* ContentView.swift */; };
		119C83B72C9FEE6700B0E922 /* Assets.xcassets in Resources */ = {isa = PBXBuildFile; fileRef = 119C83B62C9FEE6700B0E922 /* Assets.xcassets */; };
		119C83BA2C9FEE6700B0E922 /* Preview Assets.xcassets in Resources */ = {isa = PBXBuildFile; fileRef = 119C83B92C9FEE6700B0E922 /* Preview Assets.xcassets */; };
		119C83C12C9FF21300B0E922 /* DetailScreen.swift in Sources */ = {isa = PBXBuildFile; fileRef = 119C83C02C9FF21300B0E922 /* DetailScreen.swift */; };
		119C83C32C9FF27F00B0E922 /* ListScreen.swift in Sources */ = {isa = PBXBuildFile; fileRef = 119C83C22C9FF27F00B0E922 /* ListScreen.swift */; };
		119C83C52CA0079700B0E922 /* ModalScreen.swift in Sources */ = {isa = PBXBuildFile; fileRef = 119C83C42CA0079700B0E922 /* ModalScreen.swift */; };
		119C83C92CA00B8000B0E922 /* CustomActivityIndicator.swift in Sources */ = {isa = PBXBuildFile; fileRef = 119C83C82CA00B8000B0E922 /* CustomActivityIndicator.swift */; };
		119C83CB2CA00BB500B0E922 /* DetailView.swift in Sources */ = {isa = PBXBuildFile; fileRef = 119C83CA2CA00BB500B0E922 /* DetailView.swift */; };
/* End PBXBuildFile section */

/* Begin PBXFileReference section */
		119C83AF2C9FEE6600B0E922 /* otusone.app */ = {isa = PBXFileReference; explicitFileType = wrapper.application; includeInIndex = 0; path = otusone.app; sourceTree = BUILT_PRODUCTS_DIR; };
		119C83B22C9FEE6600B0E922 /* otusoneApp.swift */ = {isa = PBXFileReference; lastKnownFileType = sourcecode.swift; path = otusoneApp.swift; sourceTree = "<group>"; };
		119C83B42C9FEE6600B0E922 /* ContentView.swift */ = {isa = PBXFileReference; lastKnownFileType = sourcecode.swift; path = ContentView.swift; sourceTree = "<group>"; };
		119C83B62C9FEE6700B0E922 /* Assets.xcassets */ = {isa = PBXFileReference; lastKnownFileType = folder.assetcatalog; path = Assets.xcassets; sourceTree = "<group>"; };
		119C83B92C9FEE6700B0E922 /* Preview Assets.xcassets */ = {isa = PBXFileReference; lastKnownFileType = folder.assetcatalog; path = "Preview Assets.xcassets"; sourceTree = "<group>"; };
		119C83C02C9FF21300B0E922 /* DetailScreen.swift */ = {isa = PBXFileReference; lastKnownFileType = sourcecode.swift; path = DetailScreen.swift; sourceTree = "<group>"; };
		119C83C22C9FF27F00B0E922 /* ListScreen.swift */ = {isa = PBXFileReference; lastKnownFileType = sourcecode.swift; path = ListScreen.swift; sourceTree = "<group>"; };
		119C83C42CA0079700B0E922 /* ModalScreen.swift */ = {isa = PBXFileReference; lastKnownFileType = sourcecode.swift; path = ModalScreen.swift; sourceTree = "<group>"; };
		119C83C82CA00B8000B0E922 /* CustomActivityIndicator.swift */ = {isa = PBXFileReference; lastKnownFileType = sourcecode.swift; path = CustomActivityIndicator.swift; sourceTree = "<group>"; };
		119C83CA2CA00BB500B0E922 /* DetailView.swift */ = {isa = PBXFileReference; lastKnownFileType = sourcecode.swift; path = DetailView.swift; sourceTree = "<group>"; };
/* End PBXFileReference section */

/* Begin PBXFrameworksBuildPhase section */
		119C83AC2C9FEE6600B0E922 /* Frameworks */ = {
			isa = PBXFrameworksBuildPhase;
			buildActionMask = 2147483647;
			files = (
			);
			runOnlyForDeploymentPostprocessing = 0;
		};
/* End PBXFrameworksBuildPhase section */

/* Begin PBXGroup section */
		119C83A62C9FEE6600B0E922 = {
			isa = PBXGroup;
			children = (
				119C83B12C9FEE6600B0E922 /* otusone */,
				119C83B02C9FEE6600B0E922 /* Products */,
			);
			sourceTree = "<group>";
		};
		119C83B02C9FEE6600B0E922 /* Products */ = {
			isa = PBXGroup;
			children = (
				119C83AF2C9FEE6600B0E922 /* otusone.app */,
			);
			name = Products;
			sourceTree = "<group>";
		};
		119C83B12C9FEE6600B0E922 /* otusone */ = {
			isa = PBXGroup;
			children = (
				119C83B22C9FEE6600B0E922 /* otusoneApp.swift */,
				119C83B42C9FEE6600B0E922 /* ContentView.swift */,
				119C83C02C9FF21300B0E922 /* DetailScreen.swift */,
				119C83CA2CA00BB500B0E922 /* DetailView.swift */,
				119C83C22C9FF27F00B0E922 /* ListScreen.swift */,
				119C83C42CA0079700B0E922 /* ModalScreen.swift */,
				119C83C82CA00B8000B0E922 /* CustomActivityIndicator.swift */,
				119C83B62C9FEE6700B0E922 /* Assets.xcassets */,
				119C83B82C9FEE6700B0E922 /* Preview Content */,
			);
			path = otusone;
			sourceTree = "<group>";
		};
		119C83B82C9FEE6700B0E922 /* Preview Content */ = {
			isa = PBXGroup;
			children = (
				119C83B92C9FEE6700B0E922 /* Preview Assets.xcassets */,
			);
			path = "Preview Content";
			sourceTree = "<group>";
		};
/* End PBXGroup section */

/* Begin PBXNativeTarget section */
		119C83AE2C9FEE6600B0E922 /* otusone */ = {
			isa = PBXNativeTarget;
			buildConfigurationList = 119C83BD2C9FEE6700B0E922 /* Build configuration list for PBXNativeTarget "otusone" */;
			buildPhases = (
				119C83AB2C9FEE6600B0E922 /* Sources */,
				119C83AC2C9FEE6600B0E922 /* Frameworks */,
				119C83AD2C9FEE6600B0E922 /* Resources */,
			);
			buildRules = (
			);
			dependencies = (
			);
			name = otusone;
			productName = otusone;
			productReference = 119C83AF2C9FEE6600B0E922 /* otusone.app */;
			productType = "com.apple.product-type.application";
		};
/* End PBXNativeTarget section */

/* Begin PBXProject section */
		119C83A72C9FEE6600B0E922 /* Project object */ = {
			isa = PBXProject;
			attributes = {
				BuildIndependentTargetsInParallel = 1;
				LastSwiftUpdateCheck = 1530;
				LastUpgradeCheck = 1530;
				TargetAttributes = {
					119C83AE2C9FEE6600B0E922 = {
						CreatedOnToolsVersion = 15.3;
					};
				};
			};
			buildConfigurationList = 119C83AA2C9FEE6600B0E922 /* Build configuration list for PBXProject "otusone" */;
			compatibilityVersion = "Xcode 14.0";
			developmentRegion = en;
			hasScannedForEncodings = 0;
			knownRegions = (
				en,
				Base,
			);
			mainGroup = 119C83A62C9FEE6600B0E922;
			productRefGroup = 119C83B02C9FEE6600B0E922 /* Products */;
			projectDirPath = "";
			projectRoot = "";
			targets = (
				119C83AE2C9FEE6600B0E922 /* otusone */,
			);
		};
/* End PBXProject section */

/* Begin PBXResourcesBuildPhase section */
		119C83AD2C9FEE6600B0E922 /* Resources */ = {
			isa = PBXResourcesBuildPhase;
			buildActionMask = 2147483647;
			files = (
				119C83BA2C9FEE6700B0E922 /* Preview Assets.xcassets in Resources */,
				119C83B72C9FEE6700B0E922 /* Assets.xcassets in Resources */,
			);
			runOnlyForDeploymentPostprocessing = 0;
		};
/* End PBXResourcesBuildPhase section */

/* Begin PBXSourcesBuildPhase section */
		119C83AB2C9FEE6600B0E922 /* Sources */ = {
			isa = PBXSourcesBuildPhase;
			buildActionMask = 2147483647;
			files = (
				119C83CB2CA00BB500B0E922 /* DetailView.swift in Sources */,
				119C83B52C9FEE6600B0E922 /* ContentView.swift in Sources */,
				119C83C52CA0079700B0E922 /* ModalScreen.swift in Sources */,
				119C83C12C9FF21300B0E922 /* DetailScreen.swift in Sources */,
				119C83B32C9FEE6600B0E922 /* otusoneApp.swift in Sources */,
				119C83C32C9FF27F00B0E922 /* ListScreen.swift in Sources */,
				119C83C92CA00B8000B0E922 /* CustomActivityIndicator.swift in Sources */,
			);
			runOnlyForDeploymentPostprocessing = 0;
		};
/* End PBXSourcesBuildPhase section */

/* Begin XCBuildConfiguration section */
		119C83BB2C9FEE6700B0E922 /* Debug */ = {
			isa = XCBuildConfiguration;
			buildSettings = {
				ALWAYS_SEARCH_USER_PATHS = NO;
				ASSETCATALOG_COMPILER_GENERATE_SWIFT_ASSET_SYMBOL_EXTENSIONS = YES;
				CLANG_ANALYZER_NONNULL = YES;
				CLANG_ANALYZER_NUMBER_OBJECT_CONVERSION = YES_AGGRESSIVE;
				CLANG_CXX_LANGUAGE_STANDARD = "gnu++20";
				CLANG_ENABLE_MODULES = YES;
				CLANG_ENABLE_OBJC_ARC = YES;
				CLANG_ENABLE_OBJC_WEAK = YES;
				CLANG_WARN_BLOCK_CAPTURE_AUTORELEASING = YES;
				CLANG_WARN_BOOL_CONVERSION = YES;
				CLANG_WARN_COMMA = YES;
				CLANG_WARN_CONSTANT_CONVERSION = YES;
				CLANG_WARN_DEPRECATED_OBJC_IMPLEMENTATIONS = YES;
				CLANG_WARN_DIRECT_OBJC_ISA_USAGE = YES_ERROR;
				CLANG_WARN_DOCUMENTATION_COMMENTS = YES;
				CLANG_WARN_EMPTY_BODY = YES;
				CLANG_WARN_ENUM_CONVERSION = YES;
				CLANG_WARN_INFINITE_RECURSION = YES;
				CLANG_WARN_INT_CONVERSION = YES;
				CLANG_WARN_NON_LITERAL_NULL_CONVERSION = YES;
				CLANG_WARN_OBJC_IMPLICIT_RETAIN_SELF = YES;
				CLANG_WARN_OBJC_LITERAL_CONVERSION = YES;
				CLANG_WARN_OBJC_ROOT_CLASS = YES_ERROR;
				CLANG_WARN_QUOTED_INCLUDE_IN_FRAMEWORK_HEADER = YES;
				CLANG_WARN_RANGE_LOOP_ANALYSIS = YES;
				CLANG_WARN_STRICT_PROTOTYPES = YES;
				CLANG_WARN_SUSPICIOUS_MOVE = YES;
				CLANG_WARN_UNGUARDED_AVAILABILITY = YES_AGGRESSIVE;
				CLANG_WARN_UNREACHABLE_CODE = YES;
				CLANG_WARN__DUPLICATE_METHOD_MATCH = YES;
				COPY_PHASE_STRIP = NO;
				DEBUG_INFORMATION_FORMAT = dwarf;
				ENABLE_STRICT_OBJC_MSGSEND = YES;
				ENABLE_TESTABILITY = YES;
				ENABLE_USER_SCRIPT_SANDBOXING = YES;
				GCC_C_LANGUAGE_STANDARD = gnu17;
				GCC_DYNAMIC_NO_PIC = NO;
				GCC_NO_COMMON_BLOCKS = YES;
				GCC_OPTIMIZATION_LEVEL = 0;
				GCC_PREPROCESSOR_DEFINITIONS = (
					"DEBUG=1",
					"$(inherited)",
				);
				GCC_WARN_64_TO_32_BIT_CONVERSION = YES;
				GCC_WARN_ABOUT_RETURN_TYPE = YES_ERROR;
				GCC_WARN_UNDECLARED_SELECTOR = YES;
				GCC_WARN_UNINITIALIZED_AUTOS = YES_AGGRESSIVE;
				GCC_WARN_UNUSED_FUNCTION = YES;
				GCC_WARN_UNUSED_VARIABLE = YES;
				IPHONEOS_DEPLOYMENT_TARGET = 17.4;
				LOCALIZATION_PREFERS_STRING_CATALOGS = YES;
				MTL_ENABLE_DEBUG_INFO = INCLUDE_SOURCE;
				MTL_FAST_MATH = YES;
				ONLY_ACTIVE_ARCH = YES;
				SDKROOT = iphoneos;
				SWIFT_ACTIVE_COMPILATION_CONDITIONS = "DEBUG $(inherited)";
				SWIFT_OPTIMIZATION_LEVEL = "-Onone";
			};
			name = Debug;
		};
		119C83BC2C9FEE6700B0E922 /* Release */ = {
			isa = XCBuildConfiguration;
			buildSettings = {
				ALWAYS_SEARCH_USER_PATHS = NO;
				ASSETCATALOG_COMPILER_GENERATE_SWIFT_ASSET_SYMBOL_EXTENSIONS = YES;
				CLANG_ANALYZER_NONNULL = YES;
				CLANG_ANALYZER_NUMBER_OBJECT_CONVERSION = YES_AGGRESSIVE;
				CLANG_CXX_LANGUAGE_STANDARD = "gnu++20";
				CLANG_ENABLE_MODULES = YES;
				CLANG_ENABLE_OBJC_ARC = YES;
				CLANG_ENABLE_OBJC_WEAK = YES;
				CLANG_WARN_BLOCK_CAPTURE_AUTORELEASING = YES;
				CLANG_WARN_BOOL_CONVERSION = YES;
				CLANG_WARN_COMMA = YES;
				CLANG_WARN_CONSTANT_CONVERSION = YES;
				CLANG_WARN_DEPRECATED_OBJC_IMPLEMENTATIONS = YES;
				CLANG_WARN_DIRECT_OBJC_ISA_USAGE = YES_ERROR;
				CLANG_WARN_DOCUMENTATION_COMMENTS = YES;
				CLANG_WARN_EMPTY_BODY = YES;
				CLANG_WARN_ENUM_CONVERSION = YES;
				CLANG_WARN_INFINITE_RECURSION = YES;
				CLANG_WARN_INT_CONVERSION = YES;
				CLANG_WARN_NON_LITERAL_NULL_CONVERSION = YES;
				CLANG_WARN_OBJC_IMPLICIT_RETAIN_SELF = YES;
				CLANG_WARN_OBJC_LITERAL_CONVERSION = YES;
				CLANG_WARN_OBJC_ROOT_CLASS = YES_ERROR;
				CLANG_WARN_QUOTED_INCLUDE_IN_FRAMEWORK_HEADER = YES;
				CLANG_WARN_RANGE_LOOP_ANALYSIS = YES;
				CLANG_WARN_STRICT_PROTOTYPES = YES;
				CLANG_WARN_SUSPICIOUS_MOVE = YES;
				CLANG_WARN_UNGUARDED_AVAILABILITY = YES_AGGRESSIVE;
				CLANG_WARN_UNREACHABLE_CODE = YES;
				CLANG_WARN__DUPLICATE_METHOD_MATCH = YES;
				COPY_PHASE_STRIP = NO;
				DEBUG_INFORMATION_FORMAT = "dwarf-with-dsym";
				ENABLE_NS_ASSERTIONS = NO;
				ENABLE_STRICT_OBJC_MSGSEND = YES;
				ENABLE_USER_SCRIPT_SANDBOXING = YES;
				GCC_C_LANGUAGE_STANDARD = gnu17;
				GCC_NO_COMMON_BLOCKS = YES;
				GCC_WARN_64_TO_32_BIT_CONVERSION = YES;
				GCC_WARN_ABOUT_RETURN_TYPE = YES_ERROR;
				GCC_WARN_UNDECLARED_SELECTOR = YES;
				GCC_WARN_UNINITIALIZED_AUTOS = YES_AGGRESSIVE;
				GCC_WARN_UNUSED_FUNCTION = YES;
				GCC_WARN_UNUSED_VARIABLE = YES;
				IPHONEOS_DEPLOYMENT_TARGET = 17.4;
				LOCALIZATION_PREFERS_STRING_CATALOGS = YES;
				MTL_ENABLE_DEBUG_INFO = NO;
				MTL_FAST_MATH = YES;
				SDKROOT = iphoneos;
				SWIFT_COMPILATION_MODE = wholemodule;
				VALIDATE_PRODUCT = YES;
			};
			name = Release;
		};
		119C83BE2C9FEE6700B0E922 /* Debug */ = {
			isa = XCBuildConfiguration;
			buildSettings = {
				ASSETCATALOG_COMPILER_APPICON_NAME = AppIcon;
				ASSETCATALOG_COMPILER_GLOBAL_ACCENT_COLOR_NAME = AccentColor;
				CODE_SIGN_STYLE = Automatic;
				CURRENT_PROJECT_VERSION = 1;
				DEVELOPMENT_ASSET_PATHS = "\"otusone/Preview Content\"";
				DEVELOPMENT_TEAM = 8ZVK84223D;
				ENABLE_PREVIEWS = YES;
				GENERATE_INFOPLIST_FILE = YES;
				INFOPLIST_KEY_UIApplicationSceneManifest_Generation = YES;
				INFOPLIST_KEY_UIApplicationSupportsIndirectInputEvents = YES;
				INFOPLIST_KEY_UILaunchScreen_Generation = YES;
				INFOPLIST_KEY_UISupportedInterfaceOrientations_iPad = "UIInterfaceOrientationPortrait UIInterfaceOrientationPortraitUpsideDown UIInterfaceOrientationLandscapeLeft UIInterfaceOrientationLandscapeRight";
				INFOPLIST_KEY_UISupportedInterfaceOrientations_iPhone = "UIInterfaceOrientationPortrait UIInterfaceOrientationLandscapeLeft UIInterfaceOrientationLandscapeRight";
				LD_RUNPATH_SEARCH_PATHS = (
					"$(inherited)",
					"@executable_path/Frameworks",
				);
				MARKETING_VERSION = 1.0;
				PRODUCT_BUNDLE_IDENTIFIER = anya.otusone;
				PRODUCT_NAME = "$(TARGET_NAME)";
				SWIFT_EMIT_LOC_STRINGS = YES;
				SWIFT_VERSION = 5.0;
				TARGETED_DEVICE_FAMILY = "1,2";
			};
			name = Debug;
		};
		119C83BF2C9FEE6700B0E922 /* Release */ = {
			isa = XCBuildConfiguration;
			buildSettings = {
				ASSETCATALOG_COMPILER_APPICON_NAME = AppIcon;
				ASSETCATALOG_COMPILER_GLOBAL_ACCENT_COLOR_NAME = AccentColor;
				CODE_SIGN_STYLE = Automatic;
				CURRENT_PROJECT_VERSION = 1;
				DEVELOPMENT_ASSET_PATHS = "\"otusone/Preview Content\"";
				DEVELOPMENT_TEAM = 8ZVK84223D;
				ENABLE_PREVIEWS = YES;
				GENERATE_INFOPLIST_FILE = YES;
				INFOPLIST_KEY_UIApplicationSceneManifest_Generation = YES;
				INFOPLIST_KEY_UIApplicationSupportsIndirectInputEvents = YES;
				INFOPLIST_KEY_UILaunchScreen_Generation = YES;
				INFOPLIST_KEY_UISupportedInterfaceOrientations_iPad = "UIInterfaceOrientationPortrait UIInterfaceOrientationPortraitUpsideDown UIInterfaceOrientationLandscapeLeft UIInterfaceOrientationLandscapeRight";
				INFOPLIST_KEY_UISupportedInterfaceOrientations_iPhone = "UIInterfaceOrientationPortrait UIInterfaceOrientationLandscapeLeft UIInterfaceOrientationLandscapeRight";
				LD_RUNPATH_SEARCH_PATHS = (
					"$(inherited)",
					"@executable_path/Frameworks",
				);
				MARKETING_VERSION = 1.0;
				PRODUCT_BUNDLE_IDENTIFIER = anya.otusone;
				PRODUCT_NAME = "$(TARGET_NAME)";
				SWIFT_EMIT_LOC_STRINGS = YES;
				SWIFT_VERSION = 5.0;
				TARGETED_DEVICE_FAMILY = "1,2";
			};
			name = Release;
		};
/* End XCBuildConfiguration section */

/* Begin XCConfigurationList section */
		119C83AA2C9FEE6600B0E922 /* Build configuration list for PBXProject "otusone" */ = {
			isa = XCConfigurationList;
			buildConfigurations = (
				119C83BB2C9FEE6700B0E922 /* Debug */,
				119C83BC2C9FEE6700B0E922 /* Release */,
			);
			defaultConfigurationIsVisible = 0;
			defaultConfigurationName = Release;
		};
		119C83BD2C9FEE6700B0E922 /* Build configuration list for PBXNativeTarget "otusone" */ = {
			isa = XCConfigurationList;
			buildConfigurations = (
				119C83BE2C9FEE6700B0E922 /* Debug */,
				119C83BF2C9FEE6700B0E922 /* Release */,
			);
			defaultConfigurationIsVisible = 0;
			defaultConfigurationName = Release;
		};
/* End XCConfigurationList section */
	};
	rootObject = 119C83A72C9FEE6600B0E922 /* Project object */;
}
